
Microsoft Visual Studio Solution File, Format Version 12.00
# Visual Studio 15
VisualStudioVersion = 15.0.27130.2036
MinimumVisualStudioVersion = 10.0.40219.1
Project("{9A19103F-16F7-4668-BE54-9A1E7A4F7556}") = "HUB.Web", "HUB.Web\HUB.Web.csproj", "{270DF850-FBC4-41AA-BEE9-50638239C6DD}"
EndProject
Project("{E53339B2-1760-4266-BCC7-CA923CBCF16C}") = "docker-compose", "docker-compose.dcproj", "{3A61A144-87EC-4337-BB4B-A73510B4C76F}"
EndProject
Project("{2150E333-8FDC-42A3-9474-1A3956D46DE8}") = "CrossCutting", "CrossCutting", "{DAF9FE9C-ADAB-4E7B-A6C1-61D7096DBC46}"
EndProject
Project("{9A19103F-16F7-4668-BE54-9A1E7A4F7556}") = "HUB.CrossCutting", "HUB.CrossCutting\HUB.CrossCutting.csproj", "{7930C1C7-552D-4C03-ABED-E733935B133C}"
EndProject
Project("{9A19103F-16F7-4668-BE54-9A1E7A4F7556}") = "HUB.CorssCutting.Framework", "HUB.CorssCutting.Framework\HUB.CorssCutting.Framework.csproj", "{36BE581D-EE3F-43EA-9834-5C5B3A27BE67}"
EndProject
Project("{2150E333-8FDC-42A3-9474-1A3956D46DE8}") = "Data", "Data", "{1F7EBC9C-938E-4462-9DE6-A94342D13AC5}"
EndProject
Project("{9A19103F-16F7-4668-BE54-9A1E7A4F7556}") = "HUB.Data", "HUB.Data\HUB.Data.csproj", "{C05B1808-3555-495A-942E-517A94D288FD}"
EndProject
Project("{2150E333-8FDC-42A3-9474-1A3956D46DE8}") = "Domain", "Domain", "{9EEF2E5E-BC17-4C8B-BF9D-BC4C34BE789A}"
EndProject
Project("{9A19103F-16F7-4668-BE54-9A1E7A4F7556}") = "HUB.Domain.Model", "HUB.Domain.model\HUB.Domain.Model.csproj", "{651BB0B6-63B0-49ED-ADE8-277583B21680}"
EndProject
Project("{9A19103F-16F7-4668-BE54-9A1E7A4F7556}") = "HUB.Domain", "HUB.Domain\HUB.Domain.csproj", "{96490BED-3695-4709-A737-94E0C7223278}"
EndProject
Project("{2150E333-8FDC-42A3-9474-1A3956D46DE8}") = "Test", "Test", "{D4AFCDD6-3F9D-479F-B3D7-5FAE4A27E8FB}"
EndProject
Project("{9A19103F-16F7-4668-BE54-9A1E7A4F7556}") = "Hub.Domain.Test", "HUB.Domain.Test\Hub.Domain.Test.csproj", "{062EFF93-1B27-4662-8EFB-12F06AEC4C6A}"
EndProject
Project("{2150E333-8FDC-42A3-9474-1A3956D46DE8}") = "Web", "Web", "{C3E690A6-6121-491E-84B9-3F816E026755}"
EndProject
Global
	GlobalSection(SolutionConfigurationPlatforms) = preSolution
		Debug|Any CPU = Debug|Any CPU
		Release|Any CPU = Release|Any CPU
	EndGlobalSection
	GlobalSection(ProjectConfigurationPlatforms) = postSolution
		{270DF850-FBC4-41AA-BEE9-50638239C6DD}.Debug|Any CPU.ActiveCfg = Debug|Any CPU
		{270DF850-FBC4-41AA-BEE9-50638239C6DD}.Debug|Any CPU.Build.0 = Debug|Any CPU
		{270DF850-FBC4-41AA-BEE9-50638239C6DD}.Release|Any CPU.ActiveCfg = Release|Any CPU
		{270DF850-FBC4-41AA-BEE9-50638239C6DD}.Release|Any CPU.Build.0 = Release|Any CPU
		{3A61A144-87EC-4337-BB4B-A73510B4C76F}.Debug|Any CPU.ActiveCfg = Debug|Any CPU
		{3A61A144-87EC-4337-BB4B-A73510B4C76F}.Debug|Any CPU.Build.0 = Debug|Any CPU
		{3A61A144-87EC-4337-BB4B-A73510B4C76F}.Release|Any CPU.ActiveCfg = Release|Any CPU
		{3A61A144-87EC-4337-BB4B-A73510B4C76F}.Release|Any CPU.Build.0 = Release|Any CPU
		{7930C1C7-552D-4C03-ABED-E733935B133C}.Debug|Any CPU.ActiveCfg = Debug|Any CPU
		{7930C1C7-552D-4C03-ABED-E733935B133C}.Debug|Any CPU.Build.0 = Debug|Any CPU
		{7930C1C7-552D-4C03-ABED-E733935B133C}.Release|Any CPU.ActiveCfg = Release|Any CPU
		{7930C1C7-552D-4C03-ABED-E733935B133C}.Release|Any CPU.Build.0 = Release|Any CPU
		{36BE581D-EE3F-43EA-9834-5C5B3A27BE67}.Debug|Any CPU.ActiveCfg = Debug|Any CPU
		{36BE581D-EE3F-43EA-9834-5C5B3A27BE67}.Debug|Any CPU.Build.0 = Debug|Any CPU
		{36BE581D-EE3F-43EA-9834-5C5B3A27BE67}.Release|Any CPU.ActiveCfg = Release|Any CPU
		{36BE581D-EE3F-43EA-9834-5C5B3A27BE67}.Release|Any CPU.Build.0 = Release|Any CPU
		{C05B1808-3555-495A-942E-517A94D288FD}.Debug|Any CPU.ActiveCfg = Debug|Any CPU
		{C05B1808-3555-495A-942E-517A94D288FD}.Debug|Any CPU.Build.0 = Debug|Any CPU
		{C05B1808-3555-495A-942E-517A94D288FD}.Release|Any CPU.ActiveCfg = Release|Any CPU
		{C05B1808-3555-495A-942E-517A94D288FD}.Release|Any CPU.Build.0 = Release|Any CPU
		{651BB0B6-63B0-49ED-ADE8-277583B21680}.Debug|Any CPU.ActiveCfg = Debug|Any CPU
		{651BB0B6-63B0-49ED-ADE8-277583B21680}.Debug|Any CPU.Build.0 = Debug|Any CPU
		{651BB0B6-63B0-49ED-ADE8-277583B21680}.Release|Any CPU.ActiveCfg = Release|Any CPU
		{651BB0B6-63B0-49ED-ADE8-277583B21680}.Release|Any CPU.Build.0 = Release|Any CPU
		{96490BED-3695-4709-A737-94E0C7223278}.Debug|Any CPU.ActiveCfg = Debug|Any CPU
		{96490BED-3695-4709-A737-94E0C7223278}.Debug|Any CPU.Build.0 = Debug|Any CPU
		{96490BED-3695-4709-A737-94E0C7223278}.Release|Any CPU.ActiveCfg = Release|Any CPU
		{96490BED-3695-4709-A737-94E0C7223278}.Release|Any CPU.Build.0 = Release|Any CPU
		{062EFF93-1B27-4662-8EFB-12F06AEC4C6A}.Debug|Any CPU.ActiveCfg = Debug|Any CPU
		{062EFF93-1B27-4662-8EFB-12F06AEC4C6A}.Debug|Any CPU.Build.0 = Debug|Any CPU
		{062EFF93-1B27-4662-8EFB-12F06AEC4C6A}.Release|Any CPU.ActiveCfg = Release|Any CPU
		{062EFF93-1B27-4662-8EFB-12F06AEC4C6A}.Release|Any CPU.Build.0 = Release|Any CPU
	EndGlobalSection
	GlobalSection(SolutionProperties) = preSolution
		HideSolutionNode = FALSE
	EndGlobalSection
	GlobalSection(NestedProjects) = preSolution
		{270DF850-FBC4-41AA-BEE9-50638239C6DD} = {C3E690A6-6121-491E-84B9-3F816E026755}
		{7930C1C7-552D-4C03-ABED-E733935B133C} = {DAF9FE9C-ADAB-4E7B-A6C1-61D7096DBC46}
		{36BE581D-EE3F-43EA-9834-5C5B3A27BE67} = {DAF9FE9C-ADAB-4E7B-A6C1-61D7096DBC46}
		{C05B1808-3555-495A-942E-517A94D288FD} = {1F7EBC9C-938E-4462-9DE6-A94342D13AC5}
		{651BB0B6-63B0-49ED-ADE8-277583B21680} = {9EEF2E5E-BC17-4C8B-BF9D-BC4C34BE789A}
		{96490BED-3695-4709-A737-94E0C7223278} = {9EEF2E5E-BC17-4C8B-BF9D-BC4C34BE789A}
		{D4AFCDD6-3F9D-479F-B3D7-5FAE4A27E8FB} = {9EEF2E5E-BC17-4C8B-BF9D-BC4C34BE789A}
		{062EFF93-1B27-4662-8EFB-12F06AEC4C6A} = {D4AFCDD6-3F9D-479F-B3D7-5FAE4A27E8FB}
	EndGlobalSection
	GlobalSection(ExtensibilityGlobals) = postSolution
		SolutionGuid = {7E668423-DF5F-498A-B78A-76272F6B450E}
	EndGlobalSection
EndGlobal
